{
  "name": "complex-api",
  "lockfileVersion": 3,
  "requires": true,
  "packages": {
    "": {
      "dependencies": {
        "bootstrap": "^5.3.3",
        "datatables.net-autofill-dt": "^2.7.0",
        "datatables.net-buttons-dt": "^3.0.1",
        "datatables.net-dt": "^2.0.3",
        "datatables.net-fixedheader-dt": "^4.0.1",
        "datatables.net-keytable-dt": "^2.12.0",
        "datatables.net-responsive-dt": "^3.0.1",
        "datatables.net-scroller-dt": "^2.4.1",
        "datatables.net-searchbuilder-dt": "^1.7.0",
        "datatables.net-searchpanes-dt": "^2.3.0",
        "datatables.net-select-dt": "^2.0.0",
        "datatables.net-staterestore-dt": "^1.4.0"
      }
    },
    "node_modules/@popperjs/core": {
      "version": "2.11.8",
      "resolved": "https://registry.npmjs.org/@popperjs/core/-/core-2.11.8.tgz",
      "integrity": "sha512-P1st0aksCrn9sGZhp8GMYwBnQsbvAWsZAX44oXNNvLHGqAOcoVxmjZiohstwQ7SqKnbR47akdNi+uleWD8+g6A==",
      "peer": true,
      "funding": {
        "type": "opencollective",
        "url": "https://opencollective.com/popperjs"
      }
    },
    "node_modules/bootstrap": {
      "version": "5.3.3",
      "resolved": "https://registry.npmjs.org/bootstrap/-/bootstrap-5.3.3.tgz",
      "integrity": "sha512-8HLCdWgyoMguSO9o+aH+iuZ+aht+mzW0u3HIMzVu7Srrpv7EBBxTnrFlSCskwdY1+EOFQSm7uMJhNQHkdPcmjg==",
      "funding": [
        {
          "type": "github",
          "url": "https://github.com/sponsors/twbs"
        },
        {
          "type": "opencollective",
          "url": "https://opencollective.com/bootstrap"
        }
      ],
      "peerDependencies": {
        "@popperjs/core": "^2.11.8"
      }
    },
    "node_modules/datatables.net": {
      "version": "2.0.3",
      "resolved": "https://registry.npmjs.org/datatables.net/-/datatables.net-2.0.3.tgz",
      "integrity": "sha512-phq7jhkjIlVdahZYa2nd/yeiDgFrvT++Sily3GgztG3T7qqdAWkjtLuGA2Pv5p7XBwkJ0zwf+0KDRU54uR7WAg==",
      "dependencies": {
        "jquery": ">=1.7"
      }
    },
    "node_modules/datatables.net-autofill": {
      "version": "2.7.0",
      "resolved": "https://registry.npmjs.org/datatables.net-autofill/-/datatables.net-autofill-2.7.0.tgz",
      "integrity": "sha512-zy7Jglke0VXu7RzyGYufMLLlSJkhr+rWJubBw0cozlaXtrqR2CNjY8LBBJA19GwBeoDCNrbojNge0YN8l44b8g==",
      "dependencies": {
        "datatables.net": ">=1.11",
        "jquery": ">=1.7"
      }
    },
    "node_modules/datatables.net-autofill-dt": {
      "version": "2.7.0",
      "resolved": "https://registry.npmjs.org/datatables.net-autofill-dt/-/datatables.net-autofill-dt-2.7.0.tgz",
      "integrity": "sha512-PrRm1Hz8HVwU/sEgMZ/CVUSDzRkD9H87kVDz+b7HkOa+S75GakYnjRlw917UaS4VYqrbPxnD8WLmUTAD+lW2dg==",
      "dependencies": {
        "datatables.net-autofill": "2.7.0",
        "datatables.net-dt": ">=1.11",
        "jquery": ">=1.7"
      }
    },
    "node_modules/datatables.net-buttons": {
      "version": "3.0.1",
      "resolved": "https://registry.npmjs.org/datatables.net-buttons/-/datatables.net-buttons-3.0.1.tgz",
      "integrity": "sha512-VjTEooHtjHW2VY5/iddTLMRy2G2TtT2GyYwN9EmaMsG4MClD5lWfYdkpv/NMwz175gx7fe1lh/NVAYT4W3jMSg==",
      "dependencies": {
        "datatables.net": "^2",
        "jquery": ">=1.7"
      }
    },
    "node_modules/datatables.net-buttons-dt": {
      "version": "3.0.1",
      "resolved": "https://registry.npmjs.org/datatables.net-buttons-dt/-/datatables.net-buttons-dt-3.0.1.tgz",
      "integrity": "sha512-kfZrc+954qpg6krz1pcVKVhxOzbZByaGHwwO0CcjKdIREBX4la4HkoIZGWsENSYSfdHUkHu9WWa84p9Rl+JtiQ==",
      "dependencies": {
        "datatables.net-buttons": "3.0.1",
        "datatables.net-dt": "^2",
        "jquery": ">=1.7"
      }
    },
    "node_modules/datatables.net-dt": {
      "version": "2.0.3",
      "resolved": "https://registry.npmjs.org/datatables.net-dt/-/datatables.net-dt-2.0.3.tgz",
      "integrity": "sha512-1vz0QD+FoC/45J5MSuw2STzt0w6TShtT4QFFp9nLbx7LU1afds6bfVjLXTz12pg6i+2G0JFWKiErcYUSrHXvWQ==",
      "dependencies": {
        "datatables.net": "2.0.3",
        "jquery": ">=1.7"
      }
    },
    "node_modules/datatables.net-fixedheader": {
      "version": "4.0.1",
      "resolved": "https://registry.npmjs.org/datatables.net-fixedheader/-/datatables.net-fixedheader-4.0.1.tgz",
      "integrity": "sha512-jdwvGvI/WBKjNDJ5JwcTqmh7ehLkzXmTqvVCWJ6ig3+P9EHasoTq6Ys08WfICXpCHZgDKwDYLiW2rqVLK5TWOg==",
      "dependencies": {
        "datatables.net": "^2",
        "jquery": ">=1.7"
      }
    },
    "node_modules/datatables.net-fixedheader-dt": {
      "version": "4.0.1",
      "resolved": "https://registry.npmjs.org/datatables.net-fixedheader-dt/-/datatables.net-fixedheader-dt-4.0.1.tgz",
      "integrity": "sha512-9Fzmue2d4ld1xQL5t8GDqoOOTWkEhyLa15TevS9na57qC60e1B+K3U+mxLUSyBJ08eJ2kaOXskOptwQ2GzSvfw==",
      "dependencies": {
        "datatables.net-dt": "^2",
        "datatables.net-fixedheader": "4.0.1",
        "jquery": ">=1.7"
      }
    },
    "node_modules/datatables.net-keytable": {
      "version": "2.12.0",
      "resolved": "https://registry.npmjs.org/datatables.net-keytable/-/datatables.net-keytable-2.12.0.tgz",
      "integrity": "sha512-vijxMw7ZIB/fDe5FWGiDqe8CPiPXg3lvqK4lL48vQh1zoiE3+0C3za82qM9g/2zbwtIXmOLwBZc2ivrErNVPkA==",
      "dependencies": {
        "datatables.net": ">=1.11.0",
        "jquery": ">=1.7"
      }
    },
    "node_modules/datatables.net-keytable-dt": {
      "version": "2.12.0",
      "resolved": "https://registry.npmjs.org/datatables.net-keytable-dt/-/datatables.net-keytable-dt-2.12.0.tgz",
      "integrity": "sha512-FubrNaitx13Mq2cny2fxuV/Nk6bbmGw6VrH9Df81CT/jVfwAEkwIFirETEoL/hZfQDcD76ujj0b1wNDZ5Bsv9Q==",
      "dependencies": {
        "datatables.net-dt": ">=1.11.0",
        "datatables.net-keytable": "2.12.0",
        "jquery": ">=1.7"
      }
    },
    "node_modules/datatables.net-responsive": {
      "version": "3.0.1",
      "resolved": "https://registry.npmjs.org/datatables.net-responsive/-/datatables.net-responsive-3.0.1.tgz",
      "integrity": "sha512-LBTxvkGzvda19p7kv/cVLdWsyw/+Xty2j8mbkyisFPWva9Rt4KSDetEqlgKU+BZHe51RJzZSlzhYh15QOpC5Qw==",
      "dependencies": {
        "datatables.net": ">=2.0.0",
        "jquery": ">=1.7"
      }
    },
    "node_modules/datatables.net-responsive-dt": {
      "version": "3.0.1",
      "resolved": "https://registry.npmjs.org/datatables.net-responsive-dt/-/datatables.net-responsive-dt-3.0.1.tgz",
      "integrity": "sha512-AIPbIguXnFGD2n6qxe4QIRfIOUO4jk2ndTL3UWqit07TjlKCpb9ftqjE/Fe4gvsJXAwX8A77AHZrYE63BEOymw==",
      "dependencies": {
        "datatables.net-dt": ">=2.0.0",
        "datatables.net-responsive": "3.0.1",
        "jquery": ">=1.7"
      }
    },
    "node_modules/datatables.net-scroller": {
      "version": "2.4.1",
      "resolved": "https://registry.npmjs.org/datatables.net-scroller/-/datatables.net-scroller-2.4.1.tgz",
      "integrity": "sha512-zLtAUJUrqrLvBPADjmropapUqwIEtZcFABKgffxx50L4bcJr9yFDG4UctI4bFQJjnoRTU5iSAlyGBCxpxeqHfw==",
      "dependencies": {
        "datatables.net": "1.11 - 2",
        "jquery": ">=1.7"
      }
    },
    "node_modules/datatables.net-scroller-dt": {
      "version": "2.4.1",
      "resolved": "https://registry.npmjs.org/datatables.net-scroller-dt/-/datatables.net-scroller-dt-2.4.1.tgz",
      "integrity": "sha512-NdGWA+rFdM1kh4BkrltCv889vvF4h+KKtO/QrNDwpHLMyphxawusAmIvxGFQSQG5tYF6U/LGRU0nQCXq5shvsQ==",
      "dependencies": {
        "datatables.net-dt": "1.11 - 2",
        "datatables.net-scroller": "2.4.1",
        "jquery": ">=1.7"
      }
    },
    "node_modules/datatables.net-searchbuilder": {
      "version": "1.7.0",
      "resolved": "https://registry.npmjs.org/datatables.net-searchbuilder/-/datatables.net-searchbuilder-1.7.0.tgz",
      "integrity": "sha512-JGqxDVudgRxrHs/J+VM9O2rcwPgaUjpqBL1MHJAVJw+4vxvAY5Sbb0qP6ayo8h4yZyAE2+aPRm/smJ24N0nztw==",
      "dependencies": {
        "datatables.net": ">=1.11.0",
        "jquery": ">=1.7"
      }
    },
    "node_modules/datatables.net-searchbuilder-dt": {
      "version": "1.7.0",
      "resolved": "https://registry.npmjs.org/datatables.net-searchbuilder-dt/-/datatables.net-searchbuilder-dt-1.7.0.tgz",
      "integrity": "sha512-FKeL5xDEO4dF0CA+Vp4KkAdOdhfoCB3KaWdHiscki/9x4r03e0lD8g0V2oynHe4EshLHxFb/ug1Rd5GLcW/yAg==",
      "dependencies": {
        "datatables.net-dt": ">=1.11.0",
        "datatables.net-searchbuilder": "1.7.0",
        "jquery": ">=1.7"
      }
    },
    "node_modules/datatables.net-searchpanes": {
      "version": "2.3.0",
      "resolved": "https://registry.npmjs.org/datatables.net-searchpanes/-/datatables.net-searchpanes-2.3.0.tgz",
      "integrity": "sha512-AAl03TQXatzQh6gqNot1BAzenMxQ0/mxX+Nzn770mdTUmhVy2VX8pa7/vZlwe0tRbTcZ9VZMBMErCb66i5X3rA==",
      "dependencies": {
        "datatables.net": ">=1.11.0",
        "jquery": ">=1.7"
      }
    },
    "node_modules/datatables.net-searchpanes-dt": {
      "version": "2.3.0",
      "resolved": "https://registry.npmjs.org/datatables.net-searchpanes-dt/-/datatables.net-searchpanes-dt-2.3.0.tgz",
      "integrity": "sha512-ee4sEYYPRb+uXtAGL9KmIyjyyh8Ox4EI0a/GKHsCRrO1BTrnh7lZ+z8hJUc/TZJFDkgbYHh8XGPQXLOZUpIXHA==",
      "dependencies": {
        "datatables.net-dt": ">=1.11.0",
        "datatables.net-searchpanes": "2.3.0",
        "jquery": ">=1.7"
      }
    },
    "node_modules/datatables.net-select": {
      "version": "2.0.0",
      "resolved": "https://registry.npmjs.org/datatables.net-select/-/datatables.net-select-2.0.0.tgz",
      "integrity": "sha512-sKMNoTlJejk5FfZo6Niwdn2/bHSDYiIt5WuMSsXzMGiCTIPtnDiYjNHF843vToKiTTsi+6T0zUuWddHLGPRsxA==",
      "dependencies": {
        "datatables.net": ">=2.0.0",
        "jquery": ">=1.7"
      }
    },
    "node_modules/datatables.net-select-dt": {
      "version": "2.0.0",
      "resolved": "https://registry.npmjs.org/datatables.net-select-dt/-/datatables.net-select-dt-2.0.0.tgz",
      "integrity": "sha512-w6uP7Q4/U675dkrC2Lg0B3P7cwUTxfyUgcc+Qt4XUyAqa+6rk/YjiYHfsrDZ9vUZdu66DFdj7hNZtZfkBBPjLg==",
      "dependencies": {
        "datatables.net-dt": ">=2.0.0",
        "datatables.net-select": "2.0.0",
        "jquery": ">=1.7"
      }
    },
    "node_modules/datatables.net-staterestore": {
      "version": "1.4.0",
      "resolved": "https://registry.npmjs.org/datatables.net-staterestore/-/datatables.net-staterestore-1.4.0.tgz",
      "integrity": "sha512-OB/VnezqDuJLqoYJC6jx1+lLQoHb1X/cmMVBx3Z2wb0+A2+EXufoEgRypZUwbuhXzvi3INclILbUaGJ3lQ6acA==",
      "dependencies": {
        "datatables.net": ">=1.11.0",
        "jquery": ">=1.7"
      }
    },
    "node_modules/datatables.net-staterestore-dt": {
      "version": "1.4.0",
      "resolved": "https://registry.npmjs.org/datatables.net-staterestore-dt/-/datatables.net-staterestore-dt-1.4.0.tgz",
      "integrity": "sha512-Vq8p3wuuoUWKFamROZkWDH6xMGZ0PqeDp4RnGA+kxWBDJEhJn2yJtnKkpLshCifPk0+PvdY/5dqzRJjEfxrwIg==",
      "dependencies": {
        "datatables.net-dt": ">=1.11.0",
        "datatables.net-staterestore": "1.4.0",
        "jquery": ">=1.7"
      }
    },
    "node_modules/jquery": {
      "version": "3.7.1",
      "resolved": "https://registry.npmjs.org/jquery/-/jquery-3.7.1.tgz",
      "integrity": "sha512-m4avr8yL8kmFN8psrbFFFmB/If14iN5o9nw/NgnnM+kybDJpRsAynV2BsfpTYrTRysYUdADVD7CkUUizgkpLfg=="
    }
  }
}
